
Microsoft Visual Studio Solution File, Format Version 12.00
# Visual Studio Version 17
VisualStudioVersion = 17.12.35728.132
MinimumVisualStudioVersion = 10.0.40219.1
Project("{FAE04EC0-301F-11D3-BF4B-00C04F79EFBC}") = "Trading.API", "src\Trading.API\Trading.API.csproj", "{C31E1F40-6A51-4BB3-8C57-AC405ED12CCE}"
EndProject
Project("{2150E333-8FDC-42A3-9474-1A3956D46DE8}") = "Solution Items", "Solution Items", "{6AA5DA68-F2F7-4EF2-B5AF-3C967568C16D}"
	ProjectSection(SolutionItems) = preProject
		deploy.sh = deploy.sh
		Directory.Build.props = Directory.Build.props
		global.json = global.json
		docker-compose-debug.yaml = docker-compose-debug.yaml
		docker-compose.yaml = docker-compose.yaml
		Directory.Packages.props = Directory.Packages.props
	EndProjectSection
EndProject
Project("{2150E333-8FDC-42A3-9474-1A3956D46DE8}") = "src", "src", "{4DF6F243-A8E9-4C0D-AC15-AB7F187D27C4}"
EndProject
Project("{FAE04EC0-301F-11D3-BF4B-00C04F79EFBC}") = "Trading.Domain", "src\Trading.Domain\Trading.Domain.csproj", "{407B3281-01DE-4DC5-97FB-88109C584827}"
EndProject
Project("{FAE04EC0-301F-11D3-BF4B-00C04F79EFBC}") = "Trading.Infrastructure", "src\Trading.Infrastructure\Trading.Infrastructure.csproj", "{6D75B86A-2A31-4AAC-BC10-29F1F7AC55CB}"
EndProject
Project("{2150E333-8FDC-42A3-9474-1A3956D46DE8}") = "tests", "tests", "{6DCED638-232D-454B-9235-EB325E60C173}"
EndProject
Project("{FAE04EC0-301F-11D3-BF4B-00C04F79EFBC}") = "Trading.API.Tests", "tests\Trading.API.Tests\Trading.API.Tests.csproj", "{80AE411B-9263-44CE-B490-BB269CC924EB}"
EndProject
Project("{FAE04EC0-301F-11D3-BF4B-00C04F79EFBC}") = "Trading.Common", "src\Trading.Common\Trading.Common.csproj", "{221D403C-C618-483C-B019-BA6E827646A5}"
EndProject
Project("{FAE04EC0-301F-11D3-BF4B-00C04F79EFBC}") = "Trading.Infrastructure.Tests", "tests\Trading.Infrastructure.Tests\Trading.Infrastructure.Tests.csproj", "{D6290072-58B7-451F-9E39-A396E220B315}"
EndProject
Project("{FAE04EC0-301F-11D3-BF4B-00C04F79EFBC}") = "Trading.Common.Tests", "tests\Trading.Common.Tests\Trading.Common.Tests.csproj", "{22998950-45EB-445D-9FEA-6D20D1D72B4E}"
EndProject
Project("{FAE04EC0-301F-11D3-BF4B-00C04F79EFBC}") = "Trading.Application", "src\Trading.Application\Trading.Application.csproj", "{43005073-5847-4AFD-BA3B-78E954B72839}"
EndProject
Project("{FAE04EC0-301F-11D3-BF4B-00C04F79EFBC}") = "Trading.Application.Tests", "tests\Trading.Application.Tests\Trading.Application.Tests.csproj", "{D034A153-5775-48B6-BA79-37E5F852BA89}"
EndProject
Project("{FAE04EC0-301F-11D3-BF4B-00C04F79EFBC}") = "Trading.Exchange.Abstraction", "src\Trading.Exchange.Abstraction\Trading.Exchange.Abstraction.csproj", "{3019BA32-66BE-44CB-B3A8-698B86D2691F}"
EndProject
Project("{FAE04EC0-301F-11D3-BF4B-00C04F79EFBC}") = "Trading.Exchange.Binance", "src\Trading.Exchange.Binance\Trading.Exchange.Binance.csproj", "{35C964BA-599B-4880-82E7-8D84920E466E}"
EndProject
Project("{FAE04EC0-301F-11D3-BF4B-00C04F79EFBC}") = "Trading.Exchange.Binance.Tests", "tests\Trading.Exchange.Binance.Tests\Trading.Exchange.Binance.Tests.csproj", "{7360417E-4978-47DA-9A1C-78F199D0DF18}"
EndProject
Project("{FAE04EC0-301F-11D3-BF4B-00C04F79EFBC}") = "Trading.Tests.Shared", "tests\Trading.Tests.Shared\Trading.Tests.Shared.csproj", "{A43EC91B-0FCD-4F36-A9D3-C277F1E70E99}"
EndProject
Global
	GlobalSection(SolutionConfigurationPlatforms) = preSolution
		Debug|Any CPU = Debug|Any CPU
		Debug|x64 = Debug|x64
		Debug|x86 = Debug|x86
		Release|Any CPU = Release|Any CPU
		Release|x64 = Release|x64
		Release|x86 = Release|x86
	EndGlobalSection
	GlobalSection(ProjectConfigurationPlatforms) = postSolution
		{C31E1F40-6A51-4BB3-8C57-AC405ED12CCE}.Debug|Any CPU.ActiveCfg = Debug|Any CPU
		{C31E1F40-6A51-4BB3-8C57-AC405ED12CCE}.Debug|Any CPU.Build.0 = Debug|Any CPU
		{C31E1F40-6A51-4BB3-8C57-AC405ED12CCE}.Debug|x64.ActiveCfg = Debug|Any CPU
		{C31E1F40-6A51-4BB3-8C57-AC405ED12CCE}.Debug|x64.Build.0 = Debug|Any CPU
		{C31E1F40-6A51-4BB3-8C57-AC405ED12CCE}.Debug|x86.ActiveCfg = Debug|Any CPU
		{C31E1F40-6A51-4BB3-8C57-AC405ED12CCE}.Debug|x86.Build.0 = Debug|Any CPU
		{C31E1F40-6A51-4BB3-8C57-AC405ED12CCE}.Release|Any CPU.ActiveCfg = Release|Any CPU
		{C31E1F40-6A51-4BB3-8C57-AC405ED12CCE}.Release|Any CPU.Build.0 = Release|Any CPU
		{C31E1F40-6A51-4BB3-8C57-AC405ED12CCE}.Release|x64.ActiveCfg = Release|Any CPU
		{C31E1F40-6A51-4BB3-8C57-AC405ED12CCE}.Release|x64.Build.0 = Release|Any CPU
		{C31E1F40-6A51-4BB3-8C57-AC405ED12CCE}.Release|x86.ActiveCfg = Release|Any CPU
		{C31E1F40-6A51-4BB3-8C57-AC405ED12CCE}.Release|x86.Build.0 = Release|Any CPU
		{407B3281-01DE-4DC5-97FB-88109C584827}.Debug|Any CPU.ActiveCfg = Debug|Any CPU
		{407B3281-01DE-4DC5-97FB-88109C584827}.Debug|Any CPU.Build.0 = Debug|Any CPU
		{407B3281-01DE-4DC5-97FB-88109C584827}.Debug|x64.ActiveCfg = Debug|Any CPU
		{407B3281-01DE-4DC5-97FB-88109C584827}.Debug|x64.Build.0 = Debug|Any CPU
		{407B3281-01DE-4DC5-97FB-88109C584827}.Debug|x86.ActiveCfg = Debug|Any CPU
		{407B3281-01DE-4DC5-97FB-88109C584827}.Debug|x86.Build.0 = Debug|Any CPU
		{407B3281-01DE-4DC5-97FB-88109C584827}.Release|Any CPU.ActiveCfg = Release|Any CPU
		{407B3281-01DE-4DC5-97FB-88109C584827}.Release|Any CPU.Build.0 = Release|Any CPU
		{407B3281-01DE-4DC5-97FB-88109C584827}.Release|x64.ActiveCfg = Release|Any CPU
		{407B3281-01DE-4DC5-97FB-88109C584827}.Release|x64.Build.0 = Release|Any CPU
		{407B3281-01DE-4DC5-97FB-88109C584827}.Release|x86.ActiveCfg = Release|Any CPU
		{407B3281-01DE-4DC5-97FB-88109C584827}.Release|x86.Build.0 = Release|Any CPU
		{6D75B86A-2A31-4AAC-BC10-29F1F7AC55CB}.Debug|Any CPU.ActiveCfg = Debug|Any CPU
		{6D75B86A-2A31-4AAC-BC10-29F1F7AC55CB}.Debug|Any CPU.Build.0 = Debug|Any CPU
		{6D75B86A-2A31-4AAC-BC10-29F1F7AC55CB}.Debug|x64.ActiveCfg = Debug|Any CPU
		{6D75B86A-2A31-4AAC-BC10-29F1F7AC55CB}.Debug|x64.Build.0 = Debug|Any CPU
		{6D75B86A-2A31-4AAC-BC10-29F1F7AC55CB}.Debug|x86.ActiveCfg = Debug|Any CPU
		{6D75B86A-2A31-4AAC-BC10-29F1F7AC55CB}.Debug|x86.Build.0 = Debug|Any CPU
		{6D75B86A-2A31-4AAC-BC10-29F1F7AC55CB}.Release|Any CPU.ActiveCfg = Release|Any CPU
		{6D75B86A-2A31-4AAC-BC10-29F1F7AC55CB}.Release|Any CPU.Build.0 = Release|Any CPU
		{6D75B86A-2A31-4AAC-BC10-29F1F7AC55CB}.Release|x64.ActiveCfg = Release|Any CPU
		{6D75B86A-2A31-4AAC-BC10-29F1F7AC55CB}.Release|x64.Build.0 = Release|Any CPU
		{6D75B86A-2A31-4AAC-BC10-29F1F7AC55CB}.Release|x86.ActiveCfg = Release|Any CPU
		{6D75B86A-2A31-4AAC-BC10-29F1F7AC55CB}.Release|x86.Build.0 = Release|Any CPU
		{80AE411B-9263-44CE-B490-BB269CC924EB}.Debug|Any CPU.ActiveCfg = Debug|Any CPU
		{80AE411B-9263-44CE-B490-BB269CC924EB}.Debug|Any CPU.Build.0 = Debug|Any CPU
		{80AE411B-9263-44CE-B490-BB269CC924EB}.Debug|x64.ActiveCfg = Debug|Any CPU
		{80AE411B-9263-44CE-B490-BB269CC924EB}.Debug|x64.Build.0 = Debug|Any CPU
		{80AE411B-9263-44CE-B490-BB269CC924EB}.Debug|x86.ActiveCfg = Debug|Any CPU
		{80AE411B-9263-44CE-B490-BB269CC924EB}.Debug|x86.Build.0 = Debug|Any CPU
		{80AE411B-9263-44CE-B490-BB269CC924EB}.Release|Any CPU.ActiveCfg = Release|Any CPU
		{80AE411B-9263-44CE-B490-BB269CC924EB}.Release|Any CPU.Build.0 = Release|Any CPU
		{80AE411B-9263-44CE-B490-BB269CC924EB}.Release|x64.ActiveCfg = Release|Any CPU
		{80AE411B-9263-44CE-B490-BB269CC924EB}.Release|x64.Build.0 = Release|Any CPU
		{80AE411B-9263-44CE-B490-BB269CC924EB}.Release|x86.ActiveCfg = Release|Any CPU
		{80AE411B-9263-44CE-B490-BB269CC924EB}.Release|x86.Build.0 = Release|Any CPU
		{221D403C-C618-483C-B019-BA6E827646A5}.Debug|Any CPU.ActiveCfg = Debug|Any CPU
		{221D403C-C618-483C-B019-BA6E827646A5}.Debug|Any CPU.Build.0 = Debug|Any CPU
		{221D403C-C618-483C-B019-BA6E827646A5}.Debug|x64.ActiveCfg = Debug|Any CPU
		{221D403C-C618-483C-B019-BA6E827646A5}.Debug|x64.Build.0 = Debug|Any CPU
		{221D403C-C618-483C-B019-BA6E827646A5}.Debug|x86.ActiveCfg = Debug|Any CPU
		{221D403C-C618-483C-B019-BA6E827646A5}.Debug|x86.Build.0 = Debug|Any CPU
		{221D403C-C618-483C-B019-BA6E827646A5}.Release|Any CPU.ActiveCfg = Release|Any CPU
		{221D403C-C618-483C-B019-BA6E827646A5}.Release|Any CPU.Build.0 = Release|Any CPU
		{221D403C-C618-483C-B019-BA6E827646A5}.Release|x64.ActiveCfg = Release|Any CPU
		{221D403C-C618-483C-B019-BA6E827646A5}.Release|x64.Build.0 = Release|Any CPU
		{221D403C-C618-483C-B019-BA6E827646A5}.Release|x86.ActiveCfg = Release|Any CPU
		{221D403C-C618-483C-B019-BA6E827646A5}.Release|x86.Build.0 = Release|Any CPU
		{D6290072-58B7-451F-9E39-A396E220B315}.Debug|Any CPU.ActiveCfg = Debug|Any CPU
		{D6290072-58B7-451F-9E39-A396E220B315}.Debug|Any CPU.Build.0 = Debug|Any CPU
		{D6290072-58B7-451F-9E39-A396E220B315}.Debug|x64.ActiveCfg = Debug|Any CPU
		{D6290072-58B7-451F-9E39-A396E220B315}.Debug|x64.Build.0 = Debug|Any CPU
		{D6290072-58B7-451F-9E39-A396E220B315}.Debug|x86.ActiveCfg = Debug|Any CPU
		{D6290072-58B7-451F-9E39-A396E220B315}.Debug|x86.Build.0 = Debug|Any CPU
		{D6290072-58B7-451F-9E39-A396E220B315}.Release|Any CPU.ActiveCfg = Release|Any CPU
		{D6290072-58B7-451F-9E39-A396E220B315}.Release|Any CPU.Build.0 = Release|Any CPU
		{D6290072-58B7-451F-9E39-A396E220B315}.Release|x64.ActiveCfg = Release|Any CPU
		{D6290072-58B7-451F-9E39-A396E220B315}.Release|x64.Build.0 = Release|Any CPU
		{D6290072-58B7-451F-9E39-A396E220B315}.Release|x86.ActiveCfg = Release|Any CPU
		{D6290072-58B7-451F-9E39-A396E220B315}.Release|x86.Build.0 = Release|Any CPU
		{22998950-45EB-445D-9FEA-6D20D1D72B4E}.Debug|Any CPU.ActiveCfg = Debug|Any CPU
		{22998950-45EB-445D-9FEA-6D20D1D72B4E}.Debug|Any CPU.Build.0 = Debug|Any CPU
		{22998950-45EB-445D-9FEA-6D20D1D72B4E}.Debug|x64.ActiveCfg = Debug|Any CPU
		{22998950-45EB-445D-9FEA-6D20D1D72B4E}.Debug|x64.Build.0 = Debug|Any CPU
		{22998950-45EB-445D-9FEA-6D20D1D72B4E}.Debug|x86.ActiveCfg = Debug|Any CPU
		{22998950-45EB-445D-9FEA-6D20D1D72B4E}.Debug|x86.Build.0 = Debug|Any CPU
		{22998950-45EB-445D-9FEA-6D20D1D72B4E}.Release|Any CPU.ActiveCfg = Release|Any CPU
		{22998950-45EB-445D-9FEA-6D20D1D72B4E}.Release|Any CPU.Build.0 = Release|Any CPU
		{22998950-45EB-445D-9FEA-6D20D1D72B4E}.Release|x64.ActiveCfg = Release|Any CPU
		{22998950-45EB-445D-9FEA-6D20D1D72B4E}.Release|x64.Build.0 = Release|Any CPU
		{22998950-45EB-445D-9FEA-6D20D1D72B4E}.Release|x86.ActiveCfg = Release|Any CPU
		{22998950-45EB-445D-9FEA-6D20D1D72B4E}.Release|x86.Build.0 = Release|Any CPU
		{43005073-5847-4AFD-BA3B-78E954B72839}.Debug|Any CPU.ActiveCfg = Debug|Any CPU
		{43005073-5847-4AFD-BA3B-78E954B72839}.Debug|Any CPU.Build.0 = Debug|Any CPU
		{43005073-5847-4AFD-BA3B-78E954B72839}.Debug|x64.ActiveCfg = Debug|Any CPU
		{43005073-5847-4AFD-BA3B-78E954B72839}.Debug|x64.Build.0 = Debug|Any CPU
		{43005073-5847-4AFD-BA3B-78E954B72839}.Debug|x86.ActiveCfg = Debug|Any CPU
		{43005073-5847-4AFD-BA3B-78E954B72839}.Debug|x86.Build.0 = Debug|Any CPU
		{43005073-5847-4AFD-BA3B-78E954B72839}.Release|Any CPU.ActiveCfg = Release|Any CPU
		{43005073-5847-4AFD-BA3B-78E954B72839}.Release|Any CPU.Build.0 = Release|Any CPU
		{43005073-5847-4AFD-BA3B-78E954B72839}.Release|x64.ActiveCfg = Release|Any CPU
		{43005073-5847-4AFD-BA3B-78E954B72839}.Release|x64.Build.0 = Release|Any CPU
		{43005073-5847-4AFD-BA3B-78E954B72839}.Release|x86.ActiveCfg = Release|Any CPU
		{43005073-5847-4AFD-BA3B-78E954B72839}.Release|x86.Build.0 = Release|Any CPU
		{D034A153-5775-48B6-BA79-37E5F852BA89}.Debug|Any CPU.ActiveCfg = Debug|Any CPU
		{D034A153-5775-48B6-BA79-37E5F852BA89}.Debug|Any CPU.Build.0 = Debug|Any CPU
		{D034A153-5775-48B6-BA79-37E5F852BA89}.Debug|x64.ActiveCfg = Debug|Any CPU
		{D034A153-5775-48B6-BA79-37E5F852BA89}.Debug|x64.Build.0 = Debug|Any CPU
		{D034A153-5775-48B6-BA79-37E5F852BA89}.Debug|x86.ActiveCfg = Debug|Any CPU
		{D034A153-5775-48B6-BA79-37E5F852BA89}.Debug|x86.Build.0 = Debug|Any CPU
		{D034A153-5775-48B6-BA79-37E5F852BA89}.Release|Any CPU.ActiveCfg = Release|Any CPU
		{D034A153-5775-48B6-BA79-37E5F852BA89}.Release|Any CPU.Build.0 = Release|Any CPU
		{D034A153-5775-48B6-BA79-37E5F852BA89}.Release|x64.ActiveCfg = Release|Any CPU
		{D034A153-5775-48B6-BA79-37E5F852BA89}.Release|x64.Build.0 = Release|Any CPU
		{D034A153-5775-48B6-BA79-37E5F852BA89}.Release|x86.ActiveCfg = Release|Any CPU
		{D034A153-5775-48B6-BA79-37E5F852BA89}.Release|x86.Build.0 = Release|Any CPU
		{3019BA32-66BE-44CB-B3A8-698B86D2691F}.Debug|Any CPU.ActiveCfg = Debug|Any CPU
		{3019BA32-66BE-44CB-B3A8-698B86D2691F}.Debug|Any CPU.Build.0 = Debug|Any CPU
		{3019BA32-66BE-44CB-B3A8-698B86D2691F}.Debug|x64.ActiveCfg = Debug|Any CPU
		{3019BA32-66BE-44CB-B3A8-698B86D2691F}.Debug|x64.Build.0 = Debug|Any CPU
		{3019BA32-66BE-44CB-B3A8-698B86D2691F}.Debug|x86.ActiveCfg = Debug|Any CPU
		{3019BA32-66BE-44CB-B3A8-698B86D2691F}.Debug|x86.Build.0 = Debug|Any CPU
		{3019BA32-66BE-44CB-B3A8-698B86D2691F}.Release|Any CPU.ActiveCfg = Release|Any CPU
		{3019BA32-66BE-44CB-B3A8-698B86D2691F}.Release|Any CPU.Build.0 = Release|Any CPU
		{3019BA32-66BE-44CB-B3A8-698B86D2691F}.Release|x64.ActiveCfg = Release|Any CPU
		{3019BA32-66BE-44CB-B3A8-698B86D2691F}.Release|x64.Build.0 = Release|Any CPU
		{3019BA32-66BE-44CB-B3A8-698B86D2691F}.Release|x86.ActiveCfg = Release|Any CPU
		{3019BA32-66BE-44CB-B3A8-698B86D2691F}.Release|x86.Build.0 = Release|Any CPU
		{35C964BA-599B-4880-82E7-8D84920E466E}.Debug|Any CPU.ActiveCfg = Debug|Any CPU
		{35C964BA-599B-4880-82E7-8D84920E466E}.Debug|Any CPU.Build.0 = Debug|Any CPU
		{35C964BA-599B-4880-82E7-8D84920E466E}.Debug|x64.ActiveCfg = Debug|Any CPU
		{35C964BA-599B-4880-82E7-8D84920E466E}.Debug|x64.Build.0 = Debug|Any CPU
		{35C964BA-599B-4880-82E7-8D84920E466E}.Debug|x86.ActiveCfg = Debug|Any CPU
		{35C964BA-599B-4880-82E7-8D84920E466E}.Debug|x86.Build.0 = Debug|Any CPU
		{35C964BA-599B-4880-82E7-8D84920E466E}.Release|Any CPU.ActiveCfg = Release|Any CPU
		{35C964BA-599B-4880-82E7-8D84920E466E}.Release|Any CPU.Build.0 = Release|Any CPU
		{35C964BA-599B-4880-82E7-8D84920E466E}.Release|x64.ActiveCfg = Release|Any CPU
		{35C964BA-599B-4880-82E7-8D84920E466E}.Release|x64.Build.0 = Release|Any CPU
		{35C964BA-599B-4880-82E7-8D84920E466E}.Release|x86.ActiveCfg = Release|Any CPU
		{35C964BA-599B-4880-82E7-8D84920E466E}.Release|x86.Build.0 = Release|Any CPU
		{7360417E-4978-47DA-9A1C-78F199D0DF18}.Debug|Any CPU.ActiveCfg = Debug|Any CPU
		{7360417E-4978-47DA-9A1C-78F199D0DF18}.Debug|Any CPU.Build.0 = Debug|Any CPU
		{7360417E-4978-47DA-9A1C-78F199D0DF18}.Debug|x64.ActiveCfg = Debug|Any CPU
		{7360417E-4978-47DA-9A1C-78F199D0DF18}.Debug|x64.Build.0 = Debug|Any CPU
		{7360417E-4978-47DA-9A1C-78F199D0DF18}.Debug|x86.ActiveCfg = Debug|Any CPU
		{7360417E-4978-47DA-9A1C-78F199D0DF18}.Debug|x86.Build.0 = Debug|Any CPU
		{7360417E-4978-47DA-9A1C-78F199D0DF18}.Release|Any CPU.ActiveCfg = Release|Any CPU
		{7360417E-4978-47DA-9A1C-78F199D0DF18}.Release|Any CPU.Build.0 = Release|Any CPU
		{7360417E-4978-47DA-9A1C-78F199D0DF18}.Release|x64.ActiveCfg = Release|Any CPU
		{7360417E-4978-47DA-9A1C-78F199D0DF18}.Release|x64.Build.0 = Release|Any CPU
		{7360417E-4978-47DA-9A1C-78F199D0DF18}.Release|x86.ActiveCfg = Release|Any CPU
		{7360417E-4978-47DA-9A1C-78F199D0DF18}.Release|x86.Build.0 = Release|Any CPU
		{A43EC91B-0FCD-4F36-A9D3-C277F1E70E99}.Debug|Any CPU.ActiveCfg = Debug|Any CPU
		{A43EC91B-0FCD-4F36-A9D3-C277F1E70E99}.Debug|Any CPU.Build.0 = Debug|Any CPU
		{A43EC91B-0FCD-4F36-A9D3-C277F1E70E99}.Debug|x64.ActiveCfg = Debug|Any CPU
		{A43EC91B-0FCD-4F36-A9D3-C277F1E70E99}.Debug|x64.Build.0 = Debug|Any CPU
		{A43EC91B-0FCD-4F36-A9D3-C277F1E70E99}.Debug|x86.ActiveCfg = Debug|Any CPU
		{A43EC91B-0FCD-4F36-A9D3-C277F1E70E99}.Debug|x86.Build.0 = Debug|Any CPU
		{A43EC91B-0FCD-4F36-A9D3-C277F1E70E99}.Release|Any CPU.ActiveCfg = Release|Any CPU
		{A43EC91B-0FCD-4F36-A9D3-C277F1E70E99}.Release|Any CPU.Build.0 = Release|Any CPU
		{A43EC91B-0FCD-4F36-A9D3-C277F1E70E99}.Release|x64.ActiveCfg = Release|Any CPU
		{A43EC91B-0FCD-4F36-A9D3-C277F1E70E99}.Release|x64.Build.0 = Release|Any CPU
		{A43EC91B-0FCD-4F36-A9D3-C277F1E70E99}.Release|x86.ActiveCfg = Release|Any CPU
		{A43EC91B-0FCD-4F36-A9D3-C277F1E70E99}.Release|x86.Build.0 = Release|Any CPU
	EndGlobalSection
	GlobalSection(SolutionProperties) = preSolution
		HideSolutionNode = FALSE
	EndGlobalSection
	GlobalSection(NestedProjects) = preSolution
		{C31E1F40-6A51-4BB3-8C57-AC405ED12CCE} = {4DF6F243-A8E9-4C0D-AC15-AB7F187D27C4}
		{407B3281-01DE-4DC5-97FB-88109C584827} = {4DF6F243-A8E9-4C0D-AC15-AB7F187D27C4}
		{6D75B86A-2A31-4AAC-BC10-29F1F7AC55CB} = {4DF6F243-A8E9-4C0D-AC15-AB7F187D27C4}
		{80AE411B-9263-44CE-B490-BB269CC924EB} = {6DCED638-232D-454B-9235-EB325E60C173}
		{221D403C-C618-483C-B019-BA6E827646A5} = {4DF6F243-A8E9-4C0D-AC15-AB7F187D27C4}
		{D6290072-58B7-451F-9E39-A396E220B315} = {6DCED638-232D-454B-9235-EB325E60C173}
		{22998950-45EB-445D-9FEA-6D20D1D72B4E} = {6DCED638-232D-454B-9235-EB325E60C173}
		{43005073-5847-4AFD-BA3B-78E954B72839} = {4DF6F243-A8E9-4C0D-AC15-AB7F187D27C4}
		{D034A153-5775-48B6-BA79-37E5F852BA89} = {6DCED638-232D-454B-9235-EB325E60C173}
		{3019BA32-66BE-44CB-B3A8-698B86D2691F} = {4DF6F243-A8E9-4C0D-AC15-AB7F187D27C4}
		{35C964BA-599B-4880-82E7-8D84920E466E} = {4DF6F243-A8E9-4C0D-AC15-AB7F187D27C4}
		{7360417E-4978-47DA-9A1C-78F199D0DF18} = {6DCED638-232D-454B-9235-EB325E60C173}
		{A43EC91B-0FCD-4F36-A9D3-C277F1E70E99} = {6DCED638-232D-454B-9235-EB325E60C173}
	EndGlobalSection
EndGlobal
